github.com/pkg/errors v0.9.1 h1:FEBLx1zS214owpjy7qsBeixbURkuhQAwrK5UwLGTwt4=
github.com/pkg/errors v0.9.1/go.mod h1:bwawxfHBFNV+L2hUp1rHADufV3IMtnDRdf1r5NINEl0=
github.com/saenuma/flaarumlib v0.0.0-20250306073424-7ba0ad308f6b h1:iYWAOpiUyK4AdfGrKdTqdK1Ew4yrtCw/vPw6Zqg1m38=
github.com/saenuma/flaarumlib v0.0.0-20250306073424-7ba0ad308f6b/go.mod h1:M7iUcW3HujhMko4bdiCIvO0im5m4G2bu/byQgURHhB0=
